
Microsoft Visual Studio Solution File, Format Version 12.00
# Visual Studio Version 17
VisualStudioVersion = 17.5.002.0
MinimumVisualStudioVersion = 10.0.40219.1
Project("{9A19103F-16F7-4668-BE54-9A1E7A4F7556}") = "KeycloakAspnet.ASPRazorPages", "KeycloakAspnet.ASPRazorPages\KeycloakAspnet.ASPRazorPages.csproj", "{A38BB392-5B72-4219-B2D0-47FC36B3879E}"
EndProject
Global
	GlobalSection(SolutionConfigurationPlatforms) = preSolution
		Debug|Any CPU = Debug|Any CPU
		Release|Any CPU = Release|Any CPU
	EndGlobalSection
	GlobalSection(ProjectConfigurationPlatforms) = postSolution
		{A38BB392-5B72-4219-B2D0-47FC36B3879E}.Debug|Any CPU.ActiveCfg = Debug|Any CPU
		{A38BB392-5B72-4219-B2D0-47FC36B3879E}.Debug|Any CPU.Build.0 = Debug|Any CPU
		{A38BB392-5B72-4219-B2D0-47FC36B3879E}.Release|Any CPU.ActiveCfg = Release|Any CPU
		{A38BB392-5B72-4219-B2D0-47FC36B3879E}.Release|Any CPU.Build.0 = Release|Any CPU
	EndGlobalSection
	GlobalSection(SolutionProperties) = preSolution
		HideSolutionNode = FALSE
	EndGlobalSection
	GlobalSection(ExtensibilityGlobals) = postSolution
		SolutionGuid = {1C17DFEB-96B6-44E6-BBB4-E2B95B452477}
	EndGlobalSection
EndGlobal
